
Microsoft Visual Studio Solution File, Format Version 12.00
# Visual Studio Version 17
VisualStudioVersion = 17.4.33027.239
MinimumVisualStudioVersion = 10.0.40219.1
Project("{FAE04EC0-301F-11D3-BF4B-00C04F79EFBC}") = "Babaturan.Tools", "Babaturan.Tools\Babaturan.Tools.csproj", "{D19B96CD-7BAC-4ED4-8207-91EF7DB1BBEA}"
EndProject
Project("{FAE04EC0-301F-11D3-BF4B-00C04F79EFBC}") = "Babaturan", "Babaturan\Babaturan.csproj", "{250EC2C7-3A5B-43C7-B1D4-07CD44279219}"
EndProject
Global
	GlobalSection(SolutionConfigurationPlatforms) = preSolution
		Debug|Any CPU = Debug|Any CPU
		Release|Any CPU = Release|Any CPU
	EndGlobalSection
	GlobalSection(ProjectConfigurationPlatforms) = postSolution
		{D19B96CD-7BAC-4ED4-8207-91EF7DB1BBEA}.Debug|Any CPU.ActiveCfg = Debug|Any CPU
		{D19B96CD-7BAC-4ED4-8207-91EF7DB1BBEA}.Debug|Any CPU.Build.0 = Debug|Any CPU
		{D19B96CD-7BAC-4ED4-8207-91EF7DB1BBEA}.Release|Any CPU.ActiveCfg = Release|Any CPU
		{D19B96CD-7BAC-4ED4-8207-91EF7DB1BBEA}.Release|Any CPU.Build.0 = Release|Any CPU
		{250EC2C7-3A5B-43C7-B1D4-07CD44279219}.Debug|Any CPU.ActiveCfg = Debug|Any CPU
		{250EC2C7-3A5B-43C7-B1D4-07CD44279219}.Debug|Any CPU.Build.0 = Debug|Any CPU
		{250EC2C7-3A5B-43C7-B1D4-07CD44279219}.Release|Any CPU.ActiveCfg = Release|Any CPU
		{250EC2C7-3A5B-43C7-B1D4-07CD44279219}.Release|Any CPU.Build.0 = Release|Any CPU
	EndGlobalSection
	GlobalSection(SolutionProperties) = preSolution
		HideSolutionNode = FALSE
	EndGlobalSection
	GlobalSection(ExtensibilityGlobals) = postSolution
		SolutionGuid = {54807675-76B9-4652-A4C8-111F7D5976AE}
	EndGlobalSection
EndGlobal
